// !$*UTF8*$!
{
	archiveVersion = 1;
	classes = {
	};
	objectVersion = 46;
	objects = {

/* Begin PBXBuildFile section */
		BCCE8FB71D7E4FA50059EE2F /* main.m in Sources */ = {isa = PBXBuildFile; fileRef = BCCE8FB61D7E4FA50059EE2F /* main.m */; };
		BCCE8FBA1D7E4FA50059EE2F /* AppDelegate.m in Sources */ = {isa = PBXBuildFile; fileRef = BCCE8FB91D7E4FA50059EE2F /* AppDelegate.m */; };
		BCCE8FBD1D7E4FA50059EE2F /* ViewController.m in Sources */ = {isa = PBXBuildFile; fileRef = BCCE8FBC1D7E4FA50059EE2F /* ViewController.m */; };
		BCCE8FC01D7E4FA50059EE2F /* Main.storyboard in Resources */ = {isa = PBXBuildFile; fileRef = BCCE8FBE1D7E4FA50059EE2F /* Main.storyboard */; };
		BCCE8FC21D7E4FA50059EE2F /* Assets.xcassets in Resources */ = {isa = PBXBuildFile; fileRef = BCCE8FC11D7E4FA50059EE2F /* Assets.xcassets */; };
		BCCE8FC51D7E4FA50059EE2F /* LaunchScreen.storyboard in Resources */ = {isa = PBXBuildFile; fileRef = BCCE8FC31D7E4FA50059EE2F /* LaunchScreen.storyboard */; };
		BCCE8FCE1D7E51350059EE2F /* MyTabBarViewController.m in Sources */ = {isa = PBXBuildFile; fileRef = BCCE8FCD1D7E51350059EE2F /* MyTabBarViewController.m */; };
		BCCE8FD11D7E517A0059EE2F /* UITabBar+Swizzling.m in Sources */ = {isa = PBXBuildFile; fileRef = BCCE8FD01D7E517A0059EE2F /* UITabBar+Swizzling.m */; };
/* End PBXBuildFile section */

/* Begin PBXFileReference section */
		BCCE8FB21D7E4FA50059EE2F /* MyTabBar.app */ = {isa = PBXFileReference; explicitFileType = wrapper.application; includeInIndex = 0; path = MyTabBar.app; sourceTree = BUILT_PRODUCTS_DIR; };
		BCCE8FB61D7E4FA50059EE2F /* main.m */ = {isa = PBXFileReference; lastKnownFileType = sourcecode.c.objc; path = main.m; sourceTree = "<group>"; };
		BCCE8FB81D7E4FA50059EE2F /* AppDelegate.h */ = {isa = PBXFileReference; lastKnownFileType = sourcecode.c.h; path = AppDelegate.h; sourceTree = "<group>"; };
		BCCE8FB91D7E4FA50059EE2F /* AppDelegate.m */ = {isa = PBXFileReference; lastKnownFileType = sourcecode.c.objc; path = AppDelegate.m; sourceTree = "<group>"; };
		BCCE8FBB1D7E4FA50059EE2F /* ViewController.h */ = {isa = PBXFileReference; lastKnownFileType = sourcecode.c.h; path = ViewController.h; sourceTree = "<group>"; };
		BCCE8FBC1D7E4FA50059EE2F /* ViewController.m */ = {isa = PBXFileReference; lastKnownFileType = sourcecode.c.objc; path = ViewController.m; sourceTree = "<group>"; };
		BCCE8FBF1D7E4FA50059EE2F /* Base */ = {isa = PBXFileReference; lastKnownFileType = file.storyboard; name = Base; path = Base.lproj/Main.storyboard; sourceTree = "<group>"; };
		BCCE8FC11D7E4FA50059EE2F /* Assets.xcassets */ = {isa = PBXFileReference; lastKnownFileType = folder.assetcatalog; path = Assets.xcassets; sourceTree = "<group>"; };
		BCCE8FC41D7E4FA50059EE2F /* Base */ = {isa = PBXFileReference; lastKnownFileType = file.storyboard; name = Base; path = Base.lproj/LaunchScreen.storyboard; sourceTree = "<group>"; };
		BCCE8FC61D7E4FA50059EE2F /* Info.plist */ = {isa = PBXFileReference; lastKnownFileType = text.plist.xml; path = Info.plist; sourceTree = "<group>"; };
		BCCE8FCC1D7E51350059EE2F /* MyTabBarViewController.h */ = {isa = PBXFileReference; fileEncoding = 4; lastKnownFileType = sourcecode.c.h; path = MyTabBarViewController.h; sourceTree = "<group>"; };
		BCCE8FCD1D7E51350059EE2F /* MyTabBarViewController.m */ = {isa = PBXFileReference; fileEncoding = 4; lastKnownFileType = sourcecode.c.objc; path = MyTabBarViewController.m; sourceTree = "<group>"; };
		BCCE8FCF1D7E517A0059EE2F /* UITabBar+Swizzling.h */ = {isa = PBXFileReference; fileEncoding = 4; lastKnownFileType = sourcecode.c.h; path = "UITabBar+Swizzling.h"; sourceTree = "<group>"; };
		BCCE8FD01D7E517A0059EE2F /* UITabBar+Swizzling.m */ = {isa = PBXFileReference; fileEncoding = 4; lastKnownFileType = sourcecode.c.objc; path = "UITabBar+Swizzling.m"; sourceTree = "<group>"; };
/* End PBXFileReference section */

/* Begin PBXFrameworksBuildPhase section */
		BCCE8FAF1D7E4FA50059EE2F /* Frameworks */ = {
			isa = PBXFrameworksBuildPhase;
			buildActionMask = 2147483647;
			files = (
			);
			runOnlyForDeploymentPostprocessing = 0;
		};
/* End PBXFrameworksBuildPhase section */

/* Begin PBXGroup section */
		BCCE8FA91D7E4FA50059EE2F = {
			isa = PBXGroup;
			children = (
				BCCE8FB41D7E4FA50059EE2F /* MyTabBar */,
				BCCE8FB31D7E4FA50059EE2F /* Products */,
			);
			sourceTree = "<group>";
		};
		BCCE8FB31D7E4FA50059EE2F /* Products */ = {
			isa = PBXGroup;
			children = (
				BCCE8FB21D7E4FA50059EE2F /* MyTabBar.app */,
			);
			name = Products;
			sourceTree = "<group>";
		};
		BCCE8FB41D7E4FA50059EE2F /* MyTabBar */ = {
			isa = PBXGroup;
			children = (
				BCCE8FB81D7E4FA50059EE2F /* AppDelegate.h */,
				BCCE8FB91D7E4FA50059EE2F /* AppDelegate.m */,
				BCCE8FCF1D7E517A0059EE2F /* UITabBar+Swizzling.h */,
				BCCE8FD01D7E517A0059EE2F /* UITabBar+Swizzling.m */,
				BCCE8FCC1D7E51350059EE2F /* MyTabBarViewController.h */,
				BCCE8FCD1D7E51350059EE2F /* MyTabBarViewController.m */,
				BCCE8FBB1D7E4FA50059EE2F /* ViewController.h */,
				BCCE8FBC1D7E4FA50059EE2F /* ViewController.m */,
				BCCE8FBE1D7E4FA50059EE2F /* Main.storyboard */,
				BCCE8FC11D7E4FA50059EE2F /* Assets.xcassets */,
				BCCE8FC31D7E4FA50059EE2F /* LaunchScreen.storyboard */,
				BCCE8FC61D7E4FA50059EE2F /* Info.plist */,
				BCCE8FB51D7E4FA50059EE2F /* Supporting Files */,
			);
			path = MyTabBar;
			sourceTree = "<group>";
		};
		BCCE8FB51D7E4FA50059EE2F /* Supporting Files */ = {
			isa = PBXGroup;
			children = (
				BCCE8FB61D7E4FA50059EE2F /* main.m */,
			);
			name = "Supporting Files";
			sourceTree = "<group>";
		};
/* End PBXGroup section */

/* Begin PBXNativeTarget section */
		BCCE8FB11D7E4FA50059EE2F /* MyTabBar */ = {
			isa = PBXNativeTarget;
			buildConfigurationList = BCCE8FC91D7E4FA50059EE2F /* Build configuration list for PBXNativeTarget "MyTabBar" */;
			buildPhases = (
				BCCE8FAE1D7E4FA50059EE2F /* Sources */,
				BCCE8FAF1D7E4FA50059EE2F /* Frameworks */,
				BCCE8FB01D7E4FA50059EE2F /* Resources */,
			);
			buildRules = (
			);
			dependencies = (
			);
			name = MyTabBar;
			productName = MyTabBar;
			productReference = BCCE8FB21D7E4FA50059EE2F /* MyTabBar.app */;
			productType = "com.apple.product-type.application";
		};
/* End PBXNativeTarget section */

/* Begin PBXProject section */
		BCCE8FAA1D7E4FA50059EE2F /* Project object */ = {
			isa = PBXProject;
			attributes = {
				LastUpgradeCheck = 0730;
				ORGANIZATIONNAME = "杨南";
				TargetAttributes = {
					BCCE8FB11D7E4FA50059EE2F = {
						CreatedOnToolsVersion = 7.3;
					};
				};
			};
			buildConfigurationList = BCCE8FAD1D7E4FA50059EE2F /* Build configuration list for PBXProject "MyTabBar" */;
			compatibilityVersion = "Xcode 3.2";
			developmentRegion = English;
			hasScannedForEncodings = 0;
			knownRegions = (
				en,
				Base,
			);
			mainGroup = BCCE8FA91D7E4FA50059EE2F;
			productRefGroup = BCCE8FB31D7E4FA50059EE2F /* Products */;
			projectDirPath = "";
			projectRoot = "";
			targets = (
				BCCE8FB11D7E4FA50059EE2F /* MyTabBar */,
			);
		};
/* End PBXProject section */

/* Begin PBXResourcesBuildPhase section */
		BCCE8FB01D7E4FA50059EE2F /* Resources */ = {
			isa = PBXResourcesBuildPhase;
			buildActionMask = 2147483647;
			files = (
				BCCE8FC51D7E4FA50059EE2F /* LaunchScreen.storyboard in Resources */,
				BCCE8FC21D7E4FA50059EE2F /* Assets.xcassets in Resources */,
				BCCE8FC01D7E4FA50059EE2F /* Main.storyboard in Resources */,
			);
			runOnlyForDeploymentPostprocessing = 0;
		};
/* End PBXResourcesBuildPhase section */

/* Begin PBXSourcesBuildPhase section */
		BCCE8FAE1D7E4FA50059EE2F /* Sources */ = {
			isa = PBXSourcesBuildPhase;
			buildActionMask = 2147483647;
			files = (
				BCCE8FCE1D7E51350059EE2F /* MyTabBarViewController.m in Sources */,
				BCCE8FD11D7E517A0059EE2F /* UITabBar+Swizzling.m in Sources */,
				BCCE8FBD1D7E4FA50059EE2F /* ViewController.m in Sources */,
				BCCE8FBA1D7E4FA50059EE2F /* AppDelegate.m in Sources */,
				BCCE8FB71D7E4FA50059EE2F /* main.m in Sources */,
			);
			runOnlyForDeploymentPostprocessing = 0;
		};
/* End PBXSourcesBuildPhase section */

/* Begin PBXVariantGroup section */
		BCCE8FBE1D7E4FA50059EE2F /* Main.storyboard */ = {
			isa = PBXVariantGroup;
			children = (
				BCCE8FBF1D7E4FA50059EE2F /* Base */,
			);
			name = Main.storyboard;
			sourceTree = "<group>";
		};
		BCCE8FC31D7E4FA50059EE2F /* LaunchScreen.storyboard */ = {
			isa = PBXVariantGroup;
			children = (
				BCCE8FC41D7E4FA50059EE2F /* Base */,
			);
			name = LaunchScreen.storyboard;
			sourceTree = "<group>";
		};
/* End PBXVariantGroup section */

/* Begin XCBuildConfiguration section */
		BCCE8FC71D7E4FA50059EE2F /* Debug */ = {
			isa = XCBuildConfiguration;
			buildSettings = {
				ALWAYS_SEARCH_USER_PATHS = NO;
				CLANG_ANALYZER_NONNULL = YES;
				CLANG_CXX_LANGUAGE_STANDARD = "gnu++0x";
				CLANG_CXX_LIBRARY = "libc++";
				CLANG_ENABLE_MODULES = YES;
				CLANG_ENABLE_OBJC_ARC = YES;
				CLANG_WARN_BOOL_CONVERSION = YES;
				CLANG_WARN_CONSTANT_CONVERSION = YES;
				CLANG_WARN_DIRECT_OBJC_ISA_USAGE = YES_ERROR;
				CLANG_WARN_EMPTY_BODY = YES;
				CLANG_WARN_ENUM_CONVERSION = YES;
				CLANG_WARN_INT_CONVERSION = YES;
				CLANG_WARN_OBJC_ROOT_CLASS = YES_ERROR;
				CLANG_WARN_UNREACHABLE_CODE = YES;
				CLANG_WARN__DUPLICATE_METHOD_MATCH = YES;
				"CODE_SIGN_IDENTITY[sdk=iphoneos*]" = "iPhone Developer";
				COPY_PHASE_STRIP = NO;
				DEBUG_INFORMATION_FORMAT = dwarf;
				ENABLE_STRICT_OBJC_MSGSEND = YES;
				ENABLE_TESTABILITY = YES;
				GCC_C_LANGUAGE_STANDARD = gnu99;
				GCC_DYNAMIC_NO_PIC = NO;
				GCC_NO_COMMON_BLOCKS = YES;
				GCC_OPTIMIZATION_LEVEL = 0;
				GCC_PREPROCESSOR_DEFINITIONS = (
					"DEBUG=1",
					"$(inherited)",
				);
				GCC_WARN_64_TO_32_BIT_CONVERSION = YES;
				GCC_WARN_ABOUT_RETURN_TYPE = YES_ERROR;
				GCC_WARN_UNDECLARED_SELECTOR = YES;
				GCC_WARN_UNINITIALIZED_AUTOS = YES_AGGRESSIVE;
				GCC_WARN_UNUSED_FUNCTION = YES;
				GCC_WARN_UNUSED_VARIABLE = YES;
				IPHONEOS_DEPLOYMENT_TARGET = 9.3;
				MTL_ENABLE_DEBUG_INFO = YES;
				ONLY_ACTIVE_ARCH = YES;
				SDKROOT = iphoneos;
			};
			name = Debug;
		};
		BCCE8FC81D7E4FA50059EE2F /* Release */ = {
			isa = XCBuildConfiguration;
			buildSettings = {
				ALWAYS_SEARCH_USER_PATHS = NO;
				CLANG_ANALYZER_NONNULL = YES;
				CLANG_CXX_LANGUAGE_STANDARD = "gnu++0x";
				CLANG_CXX_LIBRARY = "libc++";
				CLANG_ENABLE_MODULES = YES;
				CLANG_ENABLE_OBJC_ARC = YES;
				CLANG_WARN_BOOL_CONVERSION = YES;
				CLANG_WARN_CONSTANT_CONVERSION = YES;
				CLANG_WARN_DIRECT_OBJC_ISA_USAGE = YES_ERROR;
				CLANG_WARN_EMPTY_BODY = YES;
				CLANG_WARN_ENUM_CONVERSION = YES;
				CLANG_WARN_INT_CONVERSION = YES;
				CLANG_WARN_OBJC_ROOT_CLASS = YES_ERROR;
				CLANG_WARN_UNREACHABLE_CODE = YES;
				CLANG_WARN__DUPLICATE_METHOD_MATCH = YES;
				"CODE_SIGN_IDENTITY[sdk=iphoneos*]" = "iPhone Developer";
				COPY_PHASE_STRIP = NO;
				DEBUG_INFORMATION_FORMAT = "dwarf-with-dsym";
				ENABLE_NS_ASSERTIONS = NO;
				ENABLE_STRICT_OBJC_MSGSEND = YES;
				GCC_C_LANGUAGE_STANDARD = gnu99;
				GCC_NO_COMMON_BLOCKS = YES;
				GCC_WARN_64_TO_32_BIT_CONVERSION = YES;
				GCC_WARN_ABOUT_RETURN_TYPE = YES_ERROR;
				GCC_WARN_UNDECLARED_SELECTOR = YES;
				GCC_WARN_UNINITIALIZED_AUTOS = YES_AGGRESSIVE;
				GCC_WARN_UNUSED_FUNCTION = YES;
				GCC_WARN_UNUSED_VARIABLE = YES;
				IPHONEOS_DEPLOYMENT_TARGET = 9.3;
				MTL_ENABLE_DEBUG_INFO = NO;
				SDKROOT = iphoneos;
				VALIDATE_PRODUCT = YES;
			};
			name = Release;
		};
		BCCE8FCA1D7E4FA50059EE2F /* Debug */ = {
			isa = XCBuildConfiguration;
			buildSettings = {
				ASSETCATALOG_COMPILER_APPICON_NAME = AppIcon;
				INFOPLIST_FILE = MyTabBar/Info.plist;
				LD_RUNPATH_SEARCH_PATHS = "$(inherited) @executable_path/Frameworks";
				PRODUCT_BUNDLE_IDENTIFIER = com.yang.MyTabBar;
				PRODUCT_NAME = "$(TARGET_NAME)";
			};
			name = Debug;
		};
		BCCE8FCB1D7E4FA50059EE2F /* Release */ = {
			isa = XCBuildConfiguration;
			buildSettings = {
				ASSETCATALOG_COMPILER_APPICON_NAME = AppIcon;
				INFOPLIST_FILE = MyTabBar/Info.plist;
				LD_RUNPATH_SEARCH_PATHS = "$(inherited) @executable_path/Frameworks";
				PRODUCT_BUNDLE_IDENTIFIER = com.yang.MyTabBar;
				PRODUCT_NAME = "$(TARGET_NAME)";
			};
			name = Release;
		};
/* End XCBuildConfiguration section */

/* Begin XCConfigurationList section */
		BCCE8FAD1D7E4FA50059EE2F /* Build configuration list for PBXProject "MyTabBar" */ = {
			isa = XCConfigurationList;
			buildConfigurations = (
				BCCE8FC71D7E4FA50059EE2F /* Debug */,
				BCCE8FC81D7E4FA50059EE2F /* Release */,
			);
			defaultConfigurationIsVisible = 0;
			defaultConfigurationName = Release;
		};
		BCCE8FC91D7E4FA50059EE2F /* Build configuration list for PBXNativeTarget "MyTabBar" */ = {
			isa = XCConfigurationList;
			buildConfigurations = (
				BCCE8FCA1D7E4FA50059EE2F /* Debug */,
				BCCE8FCB1D7E4FA50059EE2F /* Release */,
			);
			defaultConfigurationIsVisible = 0;
		};
/* End XCConfigurationList section */
	};
	rootObject = BCCE8FAA1D7E4FA50059EE2F /* Project object */;
}
